
Microsoft Visual Studio Solution File, Format Version 12.00
# Visual Studio 15
Project("{FAE04EC0-301F-11D3-BF4B-00C04F79EFBC}") = "Unity.XR.Interaction.Toolkit", "Unity.XR.Interaction.Toolkit.csproj", "{30F2BE8E-2E02-D343-7399-A61DF55FD45F}"
EndProject
Project("{FAE04EC0-301F-11D3-BF4B-00C04F79EFBC}") = "UnityEngine.UI", "UnityEngine.UI.csproj", "{A86C07DC-DDE5-A438-331E-A69CF30C44D6}"
EndProject
Project("{FAE04EC0-301F-11D3-BF4B-00C04F79EFBC}") = "UnityEngine.SpatialTracking", "UnityEngine.SpatialTracking.csproj", "{A878DA93-54C0-3FAA-0BB8-218AE270CE5A}"
EndProject
Project("{FAE04EC0-301F-11D3-BF4B-00C04F79EFBC}") = "Unity.RenderPipelines.Core.Runtime", "Unity.RenderPipelines.Core.Runtime.csproj", "{BB5E9261-6C77-BB31-B9DF-13EF75B10FD0}"
EndProject
Project("{FAE04EC0-301F-11D3-BF4B-00C04F79EFBC}") = "UnityEngine.TestRunner", "UnityEngine.TestRunner.csproj", "{E7DE008B-F39D-EF29-7579-E40A67E9839C}"
EndProject
Project("{FAE04EC0-301F-11D3-BF4B-00C04F79EFBC}") = "Unity.InputSystem", "Unity.InputSystem.csproj", "{51B635C3-663C-2A3F-416B-372987F6B9A9}"
EndProject
Project("{FAE04EC0-301F-11D3-BF4B-00C04F79EFBC}") = "Unity.VisualScripting.State", "Unity.VisualScripting.State.csproj", "{C2C1705A-BB2D-2500-5203-3B8D1EBABEB0}"
EndProject
Project("{FAE04EC0-301F-11D3-BF4B-00C04F79EFBC}") = "Unity.RenderPipelines.Universal.Runtime", "Unity.RenderPipelines.Universal.Runtime.csproj", "{8E4393FB-DA3F-EDEF-542E-390EFCAEB618}"
EndProject
Project("{FAE04EC0-301F-11D3-BF4B-00C04F79EFBC}") = "Unity.VisualScripting.Flow", "Unity.VisualScripting.Flow.csproj", "{47E070A6-8674-038C-7613-949E2766EA2B}"
EndProject
Project("{FAE04EC0-301F-11D3-BF4B-00C04F79EFBC}") = "Unity.VisualScripting.Core", "Unity.VisualScripting.Core.csproj", "{5392F397-6A34-6FAB-8EF0-F0F348452D7F}"
EndProject
Project("{FAE04EC0-301F-11D3-BF4B-00C04F79EFBC}") = "Unity.XR.Oculus", "Unity.XR.Oculus.csproj", "{45D110DF-2CFA-05B0-5169-FE7BC1E2DBF9}"
EndProject
Project("{FAE04EC0-301F-11D3-BF4B-00C04F79EFBC}") = "Unity.TextMeshPro", "Unity.TextMeshPro.csproj", "{FED145D4-93D5-B4E4-1B91-70D39CD3971D}"
EndProject
Project("{FAE04EC0-301F-11D3-BF4B-00C04F79EFBC}") = "Unity.Burst", "Unity.Burst.csproj", "{2423EC5F-8B4E-D1D7-5C2E-59AB10DA8D4A}"
EndProject
Project("{FAE04EC0-301F-11D3-BF4B-00C04F79EFBC}") = "Unity.RenderPipeline.Universal.ShaderLibrary", "Unity.RenderPipeline.Universal.ShaderLibrary.csproj", "{25D1C7E9-F3BB-5B56-CCC6-BA515E96E05C}"
EndProject
Project("{FAE04EC0-301F-11D3-BF4B-00C04F79EFBC}") = "Assembly-CSharp", "Assembly-CSharp.csproj", "{D0F74257-F6B2-DCEA-FC51-AA11C694D4B0}"
EndProject
Project("{FAE04EC0-301F-11D3-BF4B-00C04F79EFBC}") = "Unity.XR.CoreUtils", "Unity.XR.CoreUtils.csproj", "{79D3A9F1-488B-F06D-4B69-E2B817D37946}"
EndProject
Project("{FAE04EC0-301F-11D3-BF4B-00C04F79EFBC}") = "Unity.XR.OpenXR", "Unity.XR.OpenXR.csproj", "{5BED3238-B8AE-D33B-4A16-8C18D16CB278}"
EndProject
Project("{FAE04EC0-301F-11D3-BF4B-00C04F79EFBC}") = "Unity.Timeline", "Unity.Timeline.csproj", "{4525FC23-6806-5DD3-82F1-BA5D1D7C56A5}"
EndProject
Project("{FAE04EC0-301F-11D3-BF4B-00C04F79EFBC}") = "Unity.Mathematics", "Unity.Mathematics.csproj", "{25B982B1-E92B-929F-4EB7-FAA119D0D56C}"
EndProject
Project("{FAE04EC0-301F-11D3-BF4B-00C04F79EFBC}") = "Unity.Recorder", "Unity.Recorder.csproj", "{B770E16B-39F2-3235-F84A-F79D597637BB}"
EndProject
Project("{FAE04EC0-301F-11D3-BF4B-00C04F79EFBC}") = "Unity.XR.Management", "Unity.XR.Management.csproj", "{406D2419-BAA7-94A6-6CBD-E0FABEC1826A}"
EndProject
Project("{FAE04EC0-301F-11D3-BF4B-00C04F79EFBC}") = "UnityEngine.XR.LegacyInputHelpers", "UnityEngine.XR.LegacyInputHelpers.csproj", "{4D9336E5-EA00-7232-E0C4-39C8EEDB511D}"
EndProject
Project("{FAE04EC0-301F-11D3-BF4B-00C04F79EFBC}") = "Unity.XR.OpenXR.Features.ConformanceAutomation", "Unity.XR.OpenXR.Features.ConformanceAutomation.csproj", "{B7797EDA-DFFC-F8DC-B1C6-5E63478F598C}"
EndProject
Project("{FAE04EC0-301F-11D3-BF4B-00C04F79EFBC}") = "Unity.XR.OpenXR.Features.MockRuntime", "Unity.XR.OpenXR.Features.MockRuntime.csproj", "{BCE2AFD5-0FC4-D830-BDA5-D40726A56FA8}"
EndProject
Project("{FAE04EC0-301F-11D3-BF4B-00C04F79EFBC}") = "Unity.XR.OpenXR.Features.MetaQuestSupport", "Unity.XR.OpenXR.Features.MetaQuestSupport.csproj", "{FF3BBA02-1D65-BC1B-178A-927C020BBFFF}"
EndProject
Project("{FAE04EC0-301F-11D3-BF4B-00C04F79EFBC}") = "Unity.RenderPipelines.ShaderGraph.ShaderGraphLibrary", "Unity.RenderPipelines.ShaderGraph.ShaderGraphLibrary.csproj", "{03881948-8259-544A-AD1A-7DEC9BEE4D1C}"
EndProject
Project("{FAE04EC0-301F-11D3-BF4B-00C04F79EFBC}") = "Unity.XR.Interaction.Toolkit.Samples.StarterAssets", "Unity.XR.Interaction.Toolkit.Samples.StarterAssets.csproj", "{D471412C-A26B-B821-9CFD-CC2B429FABF6}"
EndProject
Project("{FAE04EC0-301F-11D3-BF4B-00C04F79EFBC}") = "Unity.InputSystem.TestFramework", "Unity.InputSystem.TestFramework.csproj", "{D36A20D9-F518-4867-9626-81D376E3EA58}"
EndProject
Project("{FAE04EC0-301F-11D3-BF4B-00C04F79EFBC}") = "Unity.RenderPipelines.Core.ShaderLibrary", "Unity.RenderPipelines.Core.ShaderLibrary.csproj", "{552D43F1-EF00-F274-C289-751BED231679}"
EndProject
Project("{FAE04EC0-301F-11D3-BF4B-00C04F79EFBC}") = "Unity.XR.OpenXR.Features.RuntimeDebugger", "Unity.XR.OpenXR.Features.RuntimeDebugger.csproj", "{2331E411-8533-C015-E29D-4C26A3211294}"
EndProject
Project("{FAE04EC0-301F-11D3-BF4B-00C04F79EFBC}") = "Unity.Recorder.Base", "Unity.Recorder.Base.csproj", "{A813EC91-F450-EB13-A8AA-059177D26BF1}"
EndProject
Project("{FAE04EC0-301F-11D3-BF4B-00C04F79EFBC}") = "Unity.RenderPipelines.Universal.Shaders", "Unity.RenderPipelines.Universal.Shaders.csproj", "{D45E9148-C667-26AA-C0A3-81D6B1CC92BC}"
EndProject
Project("{FAE04EC0-301F-11D3-BF4B-00C04F79EFBC}") = "Unity.XR.OpenXR.Features.OculusQuestSupport", "Unity.XR.OpenXR.Features.OculusQuestSupport.csproj", "{8BE9D47E-5482-E9B2-FF4B-170025AB9A6B}"
EndProject
Project("{FAE04EC0-301F-11D3-BF4B-00C04F79EFBC}") = "Unity.PlasticSCM.Editor", "Unity.PlasticSCM.Editor.csproj", "{3FD8ACE5-4819-D2A3-05DF-8AABDA0A7C52}"
EndProject
Project("{FAE04EC0-301F-11D3-BF4B-00C04F79EFBC}") = "Unity.VisualScripting.Core.Editor", "Unity.VisualScripting.Core.Editor.csproj", "{7F531D8E-F088-21B8-E68F-E8C96DA67539}"
EndProject
Project("{FAE04EC0-301F-11D3-BF4B-00C04F79EFBC}") = "Unity.ShaderGraph.Editor", "Unity.ShaderGraph.Editor.csproj", "{6B22B355-5569-028A-F2EE-43226419E7CD}"
EndProject
Project("{FAE04EC0-301F-11D3-BF4B-00C04F79EFBC}") = "Unity.Timeline.Editor", "Unity.Timeline.Editor.csproj", "{D2540DA9-47C3-55B8-4BE5-13900F3783CF}"
EndProject
Project("{FAE04EC0-301F-11D3-BF4B-00C04F79EFBC}") = "Unity.RenderPipelines.Universal.Editor", "Unity.RenderPipelines.Universal.Editor.csproj", "{80C83BA9-AEFC-596B-7153-1B5C696F947F}"
EndProject
Project("{FAE04EC0-301F-11D3-BF4B-00C04F79EFBC}") = "Unity.XR.Interaction.Toolkit.Editor", "Unity.XR.Interaction.Toolkit.Editor.csproj", "{763F55E0-E116-EBB0-95A4-C5A65574A4DC}"
EndProject
Project("{FAE04EC0-301F-11D3-BF4B-00C04F79EFBC}") = "Unity.Recorder.Editor", "Unity.Recorder.Editor.csproj", "{5BB1A64C-1737-2137-6D1C-054DABFE6A7E}"
EndProject
Project("{FAE04EC0-301F-11D3-BF4B-00C04F79EFBC}") = "Unity.TextMeshPro.Editor", "Unity.TextMeshPro.Editor.csproj", "{A9EB6E14-9783-EE22-B869-1E7BA935F3FE}"
EndProject
Project("{FAE04EC0-301F-11D3-BF4B-00C04F79EFBC}") = "Unity.VisualScripting.SettingsProvider.Editor", "Unity.VisualScripting.SettingsProvider.Editor.csproj", "{7632C564-C0C1-72DA-640D-C048B5BAC0BA}"
EndProject
Project("{FAE04EC0-301F-11D3-BF4B-00C04F79EFBC}") = "UnityEditor.TestRunner", "UnityEditor.TestRunner.csproj", "{1433EAA2-DC00-74D6-1E66-24275A8A4BF6}"
EndProject
Project("{FAE04EC0-301F-11D3-BF4B-00C04F79EFBC}") = "Unity.2D.Tilemap.Editor", "Unity.2D.Tilemap.Editor.csproj", "{3BC06F88-B648-15AE-5C4D-B9854B456C13}"
EndProject
Project("{FAE04EC0-301F-11D3-BF4B-00C04F79EFBC}") = "Unity.TestTools.CodeCoverage.Editor", "Unity.TestTools.CodeCoverage.Editor.csproj", "{FA41C572-9300-A881-4032-EE4927CC5A33}"
EndProject
Project("{FAE04EC0-301F-11D3-BF4B-00C04F79EFBC}") = "Unity.VisualScripting.Flow.Editor", "Unity.VisualScripting.Flow.Editor.csproj", "{713C48C0-30B6-140D-31FA-399B7592988B}"
EndProject
Project("{FAE04EC0-301F-11D3-BF4B-00C04F79EFBC}") = "Unity.Rider.Editor", "Unity.Rider.Editor.csproj", "{D5593238-5511-9629-258A-C58DA588F037}"
EndProject
Project("{FAE04EC0-301F-11D3-BF4B-00C04F79EFBC}") = "Unity.Performance.Profile-Analyzer.Editor", "Unity.Performance.Profile-Analyzer.Editor.csproj", "{EB7D400B-0239-B587-05F6-5DC1356FB32A}"
EndProject
Project("{FAE04EC0-301F-11D3-BF4B-00C04F79EFBC}") = "Unity.RenderPipelines.Core.Editor", "Unity.RenderPipelines.Core.Editor.csproj", "{D3EE99CF-77C0-23DA-CC89-3F74CAE3A3E6}"
EndProject
Project("{FAE04EC0-301F-11D3-BF4B-00C04F79EFBC}") = "Assembly-CSharp-Editor", "Assembly-CSharp-Editor.csproj", "{80351938-A37C-F03F-AD7D-072AA384A0CF}"
EndProject
Project("{FAE04EC0-301F-11D3-BF4B-00C04F79EFBC}") = "Unity.Burst.CodeGen", "Unity.Burst.CodeGen.csproj", "{F3D7CB6F-5C91-B7D4-3CA0-C8BF3348964F}"
EndProject
Project("{FAE04EC0-301F-11D3-BF4B-00C04F79EFBC}") = "Unity.XR.OpenXR.Features.OculusQuestSupport.Editor", "Unity.XR.OpenXR.Features.OculusQuestSupport.Editor.csproj", "{3AD4E49F-C9CB-42A5-CB05-0198AEEAB0C1}"
EndProject
Project("{FAE04EC0-301F-11D3-BF4B-00C04F79EFBC}") = "Unity.XR.Management.Editor", "Unity.XR.Management.Editor.csproj", "{A8BE829A-C83E-67D2-0535-5DE4942A1A93}"
EndProject
Project("{FAE04EC0-301F-11D3-BF4B-00C04F79EFBC}") = "Unity.VSCode.Editor", "Unity.VSCode.Editor.csproj", "{EFABA805-64DC-F135-2AA4-06B0E6A7B46E}"
EndProject
Project("{FAE04EC0-301F-11D3-BF4B-00C04F79EFBC}") = "Unity.VisualStudio.Editor", "Unity.VisualStudio.Editor.csproj", "{485F2A6F-0CC7-309B-4A72-56C29814C9E4}"
EndProject
Project("{FAE04EC0-301F-11D3-BF4B-00C04F79EFBC}") = "Unity.TestTools.CodeCoverage.Editor.OpenCover.Model", "Unity.TestTools.CodeCoverage.Editor.OpenCover.Model.csproj", "{EF42BB74-1446-76F4-75CF-625532E2D885}"
EndProject
Project("{FAE04EC0-301F-11D3-BF4B-00C04F79EFBC}") = "Unity.Settings.Editor", "Unity.Settings.Editor.csproj", "{F8228159-F456-E6C2-B45F-FC7CF82B010F}"
EndProject
Project("{FAE04EC0-301F-11D3-BF4B-00C04F79EFBC}") = "UnityEditor.SpatialTracking", "UnityEditor.SpatialTracking.csproj", "{069BC2C0-2C5F-9037-531F-004C4468E200}"
EndProject
Project("{FAE04EC0-301F-11D3-BF4B-00C04F79EFBC}") = "PPv2URPConverters", "PPv2URPConverters.csproj", "{4CB7EFCB-AB9D-6D5C-F1DF-FFB3B4C978CB}"
EndProject
Project("{FAE04EC0-301F-11D3-BF4B-00C04F79EFBC}") = "Unity.2D.Sprite.Editor", "Unity.2D.Sprite.Editor.csproj", "{37785BAA-0C16-B94C-AAE6-92B1012800F3}"
EndProject
Project("{FAE04EC0-301F-11D3-BF4B-00C04F79EFBC}") = "Unity.XR.OpenXR.Editor", "Unity.XR.OpenXR.Editor.csproj", "{E7D76624-E442-500A-3366-470439AD6A89}"
EndProject
Project("{FAE04EC0-301F-11D3-BF4B-00C04F79EFBC}") = "Unity.CollabProxy.Editor", "Unity.CollabProxy.Editor.csproj", "{DB55A154-4AC5-A449-1341-D030E085F551}"
EndProject
Project("{FAE04EC0-301F-11D3-BF4B-00C04F79EFBC}") = "Unity.VisualScripting.State.Editor", "Unity.VisualScripting.State.Editor.csproj", "{2C7CD251-5801-F9FF-51F0-33EDE99219EA}"
EndProject
Project("{FAE04EC0-301F-11D3-BF4B-00C04F79EFBC}") = "UnityEditor.UI", "UnityEditor.UI.csproj", "{F4529D99-A009-C049-B431-75AEF2CF90ED}"
EndProject
Project("{FAE04EC0-301F-11D3-BF4B-00C04F79EFBC}") = "UnityEditor.XR.LegacyInputHelpers", "UnityEditor.XR.LegacyInputHelpers.csproj", "{A74F260B-547B-792E-7E3F-587F77B82BA9}"
EndProject
Project("{FAE04EC0-301F-11D3-BF4B-00C04F79EFBC}") = "Unity.Searcher.Editor", "Unity.Searcher.Editor.csproj", "{4474B0D7-DBEC-DFD2-0393-28624D137C27}"
EndProject
Project("{FAE04EC0-301F-11D3-BF4B-00C04F79EFBC}") = "Unity.Burst.Editor", "Unity.Burst.Editor.csproj", "{7F64636A-C7CC-6343-CC67-6B53931FADB4}"
EndProject
Project("{FAE04EC0-301F-11D3-BF4B-00C04F79EFBC}") = "Unity.XR.OpenXR.Features.RuntimeDebugger.Editor", "Unity.XR.OpenXR.Features.RuntimeDebugger.Editor.csproj", "{CC87A1CD-E267-96A7-88AB-373533D716BE}"
EndProject
Project("{FAE04EC0-301F-11D3-BF4B-00C04F79EFBC}") = "Unity.XR.CoreUtils.Editor", "Unity.XR.CoreUtils.Editor.csproj", "{62B80583-79D7-4B7B-EFA8-B668495D7DEA}"
EndProject
Project("{FAE04EC0-301F-11D3-BF4B-00C04F79EFBC}") = "Unity.XR.Oculus.Editor", "Unity.XR.Oculus.Editor.csproj", "{6E8A4FEE-F168-9FD2-7959-779557160117}"
EndProject
Project("{FAE04EC0-301F-11D3-BF4B-00C04F79EFBC}") = "Unity.ShaderGraph.Utilities", "Unity.ShaderGraph.Utilities.csproj", "{CAAE2429-3F4A-D1CC-874D-DD0A83DDF28B}"
EndProject
Project("{FAE04EC0-301F-11D3-BF4B-00C04F79EFBC}") = "Unity.XR.OpenXR.Features.MetaQuestSupport.Editor", "Unity.XR.OpenXR.Features.MetaQuestSupport.Editor.csproj", "{5F8D9340-BE4C-7732-6551-C1687D4339A7}"
EndProject
Project("{FAE04EC0-301F-11D3-BF4B-00C04F79EFBC}") = "Unity.Mathematics.Editor", "Unity.Mathematics.Editor.csproj", "{EC70708C-731D-529E-D6FF-72C8A0E19A92}"
EndProject
Project("{FAE04EC0-301F-11D3-BF4B-00C04F79EFBC}") = "Unity.TestTools.CodeCoverage.Editor.OpenCover.Mono.Reflection", "Unity.TestTools.CodeCoverage.Editor.OpenCover.Mono.Reflection.csproj", "{6B038AF6-C811-35D4-CE6B-42B348F43AE3}"
EndProject
Project("{FAE04EC0-301F-11D3-BF4B-00C04F79EFBC}") = "Unity.EditorCoroutines.Editor", "Unity.EditorCoroutines.Editor.csproj", "{BBDBFA7D-CFA8-25EE-7BA7-0C3AF9738D4A}"
EndProject
Project("{FAE04EC0-301F-11D3-BF4B-00C04F79EFBC}") = "Unity.VisualScripting.Shared.Editor", "Unity.VisualScripting.Shared.Editor.csproj", "{2081C50B-BC1A-9092-3D50-1824B4E9DCDD}"
EndProject
Global
	GlobalSection(SolutionConfigurationPlatforms) = preSolution
		Debug|Any CPU = Debug|Any CPU
		Release|Any CPU = Release|Any CPU
	EndGlobalSection
	GlobalSection(ProjectConfigurationPlatforms) = postSolution
		{30F2BE8E-2E02-D343-7399-A61DF55FD45F}.Debug|Any CPU.ActiveCfg = Debug|Any CPU
		{30F2BE8E-2E02-D343-7399-A61DF55FD45F}.Debug|Any CPU.Build.0 = Debug|Any CPU
		{30F2BE8E-2E02-D343-7399-A61DF55FD45F}.Release|Any CPU.ActiveCfg = Release|Any CPU
		{30F2BE8E-2E02-D343-7399-A61DF55FD45F}.Release|Any CPU.Build.0 = Release|Any CPU
		{A86C07DC-DDE5-A438-331E-A69CF30C44D6}.Debug|Any CPU.ActiveCfg = Debug|Any CPU
		{A86C07DC-DDE5-A438-331E-A69CF30C44D6}.Debug|Any CPU.Build.0 = Debug|Any CPU
		{A86C07DC-DDE5-A438-331E-A69CF30C44D6}.Release|Any CPU.ActiveCfg = Release|Any CPU
		{A86C07DC-DDE5-A438-331E-A69CF30C44D6}.Release|Any CPU.Build.0 = Release|Any CPU
		{A878DA93-54C0-3FAA-0BB8-218AE270CE5A}.Debug|Any CPU.ActiveCfg = Debug|Any CPU
		{A878DA93-54C0-3FAA-0BB8-218AE270CE5A}.Debug|Any CPU.Build.0 = Debug|Any CPU
		{A878DA93-54C0-3FAA-0BB8-218AE270CE5A}.Release|Any CPU.ActiveCfg = Release|Any CPU
		{A878DA93-54C0-3FAA-0BB8-218AE270CE5A}.Release|Any CPU.Build.0 = Release|Any CPU
		{BB5E9261-6C77-BB31-B9DF-13EF75B10FD0}.Debug|Any CPU.ActiveCfg = Debug|Any CPU
		{BB5E9261-6C77-BB31-B9DF-13EF75B10FD0}.Debug|Any CPU.Build.0 = Debug|Any CPU
		{BB5E9261-6C77-BB31-B9DF-13EF75B10FD0}.Release|Any CPU.ActiveCfg = Release|Any CPU
		{BB5E9261-6C77-BB31-B9DF-13EF75B10FD0}.Release|Any CPU.Build.0 = Release|Any CPU
		{E7DE008B-F39D-EF29-7579-E40A67E9839C}.Debug|Any CPU.ActiveCfg = Debug|Any CPU
		{E7DE008B-F39D-EF29-7579-E40A67E9839C}.Debug|Any CPU.Build.0 = Debug|Any CPU
		{E7DE008B-F39D-EF29-7579-E40A67E9839C}.Release|Any CPU.ActiveCfg = Release|Any CPU
		{E7DE008B-F39D-EF29-7579-E40A67E9839C}.Release|Any CPU.Build.0 = Release|Any CPU
		{51B635C3-663C-2A3F-416B-372987F6B9A9}.Debug|Any CPU.ActiveCfg = Debug|Any CPU
		{51B635C3-663C-2A3F-416B-372987F6B9A9}.Debug|Any CPU.Build.0 = Debug|Any CPU
		{51B635C3-663C-2A3F-416B-372987F6B9A9}.Release|Any CPU.ActiveCfg = Release|Any CPU
		{51B635C3-663C-2A3F-416B-372987F6B9A9}.Release|Any CPU.Build.0 = Release|Any CPU
		{C2C1705A-BB2D-2500-5203-3B8D1EBABEB0}.Debug|Any CPU.ActiveCfg = Debug|Any CPU
		{C2C1705A-BB2D-2500-5203-3B8D1EBABEB0}.Debug|Any CPU.Build.0 = Debug|Any CPU
		{C2C1705A-BB2D-2500-5203-3B8D1EBABEB0}.Release|Any CPU.ActiveCfg = Release|Any CPU
		{C2C1705A-BB2D-2500-5203-3B8D1EBABEB0}.Release|Any CPU.Build.0 = Release|Any CPU
		{8E4393FB-DA3F-EDEF-542E-390EFCAEB618}.Debug|Any CPU.ActiveCfg = Debug|Any CPU
		{8E4393FB-DA3F-EDEF-542E-390EFCAEB618}.Debug|Any CPU.Build.0 = Debug|Any CPU
		{8E4393FB-DA3F-EDEF-542E-390EFCAEB618}.Release|Any CPU.ActiveCfg = Release|Any CPU
		{8E4393FB-DA3F-EDEF-542E-390EFCAEB618}.Release|Any CPU.Build.0 = Release|Any CPU
		{47E070A6-8674-038C-7613-949E2766EA2B}.Debug|Any CPU.ActiveCfg = Debug|Any CPU
		{47E070A6-8674-038C-7613-949E2766EA2B}.Debug|Any CPU.Build.0 = Debug|Any CPU
		{47E070A6-8674-038C-7613-949E2766EA2B}.Release|Any CPU.ActiveCfg = Release|Any CPU
		{47E070A6-8674-038C-7613-949E2766EA2B}.Release|Any CPU.Build.0 = Release|Any CPU
		{5392F397-6A34-6FAB-8EF0-F0F348452D7F}.Debug|Any CPU.ActiveCfg = Debug|Any CPU
		{5392F397-6A34-6FAB-8EF0-F0F348452D7F}.Debug|Any CPU.Build.0 = Debug|Any CPU
		{5392F397-6A34-6FAB-8EF0-F0F348452D7F}.Release|Any CPU.ActiveCfg = Release|Any CPU
		{5392F397-6A34-6FAB-8EF0-F0F348452D7F}.Release|Any CPU.Build.0 = Release|Any CPU
		{45D110DF-2CFA-05B0-5169-FE7BC1E2DBF9}.Debug|Any CPU.ActiveCfg = Debug|Any CPU
		{45D110DF-2CFA-05B0-5169-FE7BC1E2DBF9}.Debug|Any CPU.Build.0 = Debug|Any CPU
		{45D110DF-2CFA-05B0-5169-FE7BC1E2DBF9}.Release|Any CPU.ActiveCfg = Release|Any CPU
		{45D110DF-2CFA-05B0-5169-FE7BC1E2DBF9}.Release|Any CPU.Build.0 = Release|Any CPU
		{FED145D4-93D5-B4E4-1B91-70D39CD3971D}.Debug|Any CPU.ActiveCfg = Debug|Any CPU
		{FED145D4-93D5-B4E4-1B91-70D39CD3971D}.Debug|Any CPU.Build.0 = Debug|Any CPU
		{FED145D4-93D5-B4E4-1B91-70D39CD3971D}.Release|Any CPU.ActiveCfg = Release|Any CPU
		{FED145D4-93D5-B4E4-1B91-70D39CD3971D}.Release|Any CPU.Build.0 = Release|Any CPU
		{2423EC5F-8B4E-D1D7-5C2E-59AB10DA8D4A}.Debug|Any CPU.ActiveCfg = Debug|Any CPU
		{2423EC5F-8B4E-D1D7-5C2E-59AB10DA8D4A}.Debug|Any CPU.Build.0 = Debug|Any CPU
		{2423EC5F-8B4E-D1D7-5C2E-59AB10DA8D4A}.Release|Any CPU.ActiveCfg = Release|Any CPU
		{2423EC5F-8B4E-D1D7-5C2E-59AB10DA8D4A}.Release|Any CPU.Build.0 = Release|Any CPU
		{25D1C7E9-F3BB-5B56-CCC6-BA515E96E05C}.Debug|Any CPU.ActiveCfg = Debug|Any CPU
		{25D1C7E9-F3BB-5B56-CCC6-BA515E96E05C}.Debug|Any CPU.Build.0 = Debug|Any CPU
		{25D1C7E9-F3BB-5B56-CCC6-BA515E96E05C}.Release|Any CPU.ActiveCfg = Release|Any CPU
		{25D1C7E9-F3BB-5B56-CCC6-BA515E96E05C}.Release|Any CPU.Build.0 = Release|Any CPU
		{D0F74257-F6B2-DCEA-FC51-AA11C694D4B0}.Debug|Any CPU.ActiveCfg = Debug|Any CPU
		{D0F74257-F6B2-DCEA-FC51-AA11C694D4B0}.Debug|Any CPU.Build.0 = Debug|Any CPU
		{D0F74257-F6B2-DCEA-FC51-AA11C694D4B0}.Release|Any CPU.ActiveCfg = Release|Any CPU
		{D0F74257-F6B2-DCEA-FC51-AA11C694D4B0}.Release|Any CPU.Build.0 = Release|Any CPU
		{79D3A9F1-488B-F06D-4B69-E2B817D37946}.Debug|Any CPU.ActiveCfg = Debug|Any CPU
		{79D3A9F1-488B-F06D-4B69-E2B817D37946}.Debug|Any CPU.Build.0 = Debug|Any CPU
		{79D3A9F1-488B-F06D-4B69-E2B817D37946}.Release|Any CPU.ActiveCfg = Release|Any CPU
		{79D3A9F1-488B-F06D-4B69-E2B817D37946}.Release|Any CPU.Build.0 = Release|Any CPU
		{5BED3238-B8AE-D33B-4A16-8C18D16CB278}.Debug|Any CPU.ActiveCfg = Debug|Any CPU
		{5BED3238-B8AE-D33B-4A16-8C18D16CB278}.Debug|Any CPU.Build.0 = Debug|Any CPU
		{5BED3238-B8AE-D33B-4A16-8C18D16CB278}.Release|Any CPU.ActiveCfg = Release|Any CPU
		{5BED3238-B8AE-D33B-4A16-8C18D16CB278}.Release|Any CPU.Build.0 = Release|Any CPU
		{4525FC23-6806-5DD3-82F1-BA5D1D7C56A5}.Debug|Any CPU.ActiveCfg = Debug|Any CPU
		{4525FC23-6806-5DD3-82F1-BA5D1D7C56A5}.Debug|Any CPU.Build.0 = Debug|Any CPU
		{4525FC23-6806-5DD3-82F1-BA5D1D7C56A5}.Release|Any CPU.ActiveCfg = Release|Any CPU
		{4525FC23-6806-5DD3-82F1-BA5D1D7C56A5}.Release|Any CPU.Build.0 = Release|Any CPU
		{25B982B1-E92B-929F-4EB7-FAA119D0D56C}.Debug|Any CPU.ActiveCfg = Debug|Any CPU
		{25B982B1-E92B-929F-4EB7-FAA119D0D56C}.Debug|Any CPU.Build.0 = Debug|Any CPU
		{25B982B1-E92B-929F-4EB7-FAA119D0D56C}.Release|Any CPU.ActiveCfg = Release|Any CPU
		{25B982B1-E92B-929F-4EB7-FAA119D0D56C}.Release|Any CPU.Build.0 = Release|Any CPU
		{B770E16B-39F2-3235-F84A-F79D597637BB}.Debug|Any CPU.ActiveCfg = Debug|Any CPU
		{B770E16B-39F2-3235-F84A-F79D597637BB}.Debug|Any CPU.Build.0 = Debug|Any CPU
		{B770E16B-39F2-3235-F84A-F79D597637BB}.Release|Any CPU.ActiveCfg = Release|Any CPU
		{B770E16B-39F2-3235-F84A-F79D597637BB}.Release|Any CPU.Build.0 = Release|Any CPU
		{406D2419-BAA7-94A6-6CBD-E0FABEC1826A}.Debug|Any CPU.ActiveCfg = Debug|Any CPU
		{406D2419-BAA7-94A6-6CBD-E0FABEC1826A}.Debug|Any CPU.Build.0 = Debug|Any CPU
		{406D2419-BAA7-94A6-6CBD-E0FABEC1826A}.Release|Any CPU.ActiveCfg = Release|Any CPU
		{406D2419-BAA7-94A6-6CBD-E0FABEC1826A}.Release|Any CPU.Build.0 = Release|Any CPU
		{4D9336E5-EA00-7232-E0C4-39C8EEDB511D}.Debug|Any CPU.ActiveCfg = Debug|Any CPU
		{4D9336E5-EA00-7232-E0C4-39C8EEDB511D}.Debug|Any CPU.Build.0 = Debug|Any CPU
		{4D9336E5-EA00-7232-E0C4-39C8EEDB511D}.Release|Any CPU.ActiveCfg = Release|Any CPU
		{4D9336E5-EA00-7232-E0C4-39C8EEDB511D}.Release|Any CPU.Build.0 = Release|Any CPU
		{B7797EDA-DFFC-F8DC-B1C6-5E63478F598C}.Debug|Any CPU.ActiveCfg = Debug|Any CPU
		{B7797EDA-DFFC-F8DC-B1C6-5E63478F598C}.Debug|Any CPU.Build.0 = Debug|Any CPU
		{B7797EDA-DFFC-F8DC-B1C6-5E63478F598C}.Release|Any CPU.ActiveCfg = Release|Any CPU
		{B7797EDA-DFFC-F8DC-B1C6-5E63478F598C}.Release|Any CPU.Build.0 = Release|Any CPU
		{BCE2AFD5-0FC4-D830-BDA5-D40726A56FA8}.Debug|Any CPU.ActiveCfg = Debug|Any CPU
		{BCE2AFD5-0FC4-D830-BDA5-D40726A56FA8}.Debug|Any CPU.Build.0 = Debug|Any CPU
		{BCE2AFD5-0FC4-D830-BDA5-D40726A56FA8}.Release|Any CPU.ActiveCfg = Release|Any CPU
		{BCE2AFD5-0FC4-D830-BDA5-D40726A56FA8}.Release|Any CPU.Build.0 = Release|Any CPU
		{FF3BBA02-1D65-BC1B-178A-927C020BBFFF}.Debug|Any CPU.ActiveCfg = Debug|Any CPU
		{FF3BBA02-1D65-BC1B-178A-927C020BBFFF}.Debug|Any CPU.Build.0 = Debug|Any CPU
		{FF3BBA02-1D65-BC1B-178A-927C020BBFFF}.Release|Any CPU.ActiveCfg = Release|Any CPU
		{FF3BBA02-1D65-BC1B-178A-927C020BBFFF}.Release|Any CPU.Build.0 = Release|Any CPU
		{03881948-8259-544A-AD1A-7DEC9BEE4D1C}.Debug|Any CPU.ActiveCfg = Debug|Any CPU
		{03881948-8259-544A-AD1A-7DEC9BEE4D1C}.Debug|Any CPU.Build.0 = Debug|Any CPU
		{03881948-8259-544A-AD1A-7DEC9BEE4D1C}.Release|Any CPU.ActiveCfg = Release|Any CPU
		{03881948-8259-544A-AD1A-7DEC9BEE4D1C}.Release|Any CPU.Build.0 = Release|Any CPU
		{D471412C-A26B-B821-9CFD-CC2B429FABF6}.Debug|Any CPU.ActiveCfg = Debug|Any CPU
		{D471412C-A26B-B821-9CFD-CC2B429FABF6}.Debug|Any CPU.Build.0 = Debug|Any CPU
		{D471412C-A26B-B821-9CFD-CC2B429FABF6}.Release|Any CPU.ActiveCfg = Release|Any CPU
		{D471412C-A26B-B821-9CFD-CC2B429FABF6}.Release|Any CPU.Build.0 = Release|Any CPU
		{D36A20D9-F518-4867-9626-81D376E3EA58}.Debug|Any CPU.ActiveCfg = Debug|Any CPU
		{D36A20D9-F518-4867-9626-81D376E3EA58}.Debug|Any CPU.Build.0 = Debug|Any CPU
		{D36A20D9-F518-4867-9626-81D376E3EA58}.Release|Any CPU.ActiveCfg = Release|Any CPU
		{D36A20D9-F518-4867-9626-81D376E3EA58}.Release|Any CPU.Build.0 = Release|Any CPU
		{552D43F1-EF00-F274-C289-751BED231679}.Debug|Any CPU.ActiveCfg = Debug|Any CPU
		{552D43F1-EF00-F274-C289-751BED231679}.Debug|Any CPU.Build.0 = Debug|Any CPU
		{552D43F1-EF00-F274-C289-751BED231679}.Release|Any CPU.ActiveCfg = Release|Any CPU
		{552D43F1-EF00-F274-C289-751BED231679}.Release|Any CPU.Build.0 = Release|Any CPU
		{2331E411-8533-C015-E29D-4C26A3211294}.Debug|Any CPU.ActiveCfg = Debug|Any CPU
		{2331E411-8533-C015-E29D-4C26A3211294}.Debug|Any CPU.Build.0 = Debug|Any CPU
		{2331E411-8533-C015-E29D-4C26A3211294}.Release|Any CPU.ActiveCfg = Release|Any CPU
		{2331E411-8533-C015-E29D-4C26A3211294}.Release|Any CPU.Build.0 = Release|Any CPU
		{A813EC91-F450-EB13-A8AA-059177D26BF1}.Debug|Any CPU.ActiveCfg = Debug|Any CPU
		{A813EC91-F450-EB13-A8AA-059177D26BF1}.Debug|Any CPU.Build.0 = Debug|Any CPU
		{A813EC91-F450-EB13-A8AA-059177D26BF1}.Release|Any CPU.ActiveCfg = Release|Any CPU
		{A813EC91-F450-EB13-A8AA-059177D26BF1}.Release|Any CPU.Build.0 = Release|Any CPU
		{D45E9148-C667-26AA-C0A3-81D6B1CC92BC}.Debug|Any CPU.ActiveCfg = Debug|Any CPU
		{D45E9148-C667-26AA-C0A3-81D6B1CC92BC}.Debug|Any CPU.Build.0 = Debug|Any CPU
		{D45E9148-C667-26AA-C0A3-81D6B1CC92BC}.Release|Any CPU.ActiveCfg = Release|Any CPU
		{D45E9148-C667-26AA-C0A3-81D6B1CC92BC}.Release|Any CPU.Build.0 = Release|Any CPU
		{8BE9D47E-5482-E9B2-FF4B-170025AB9A6B}.Debug|Any CPU.ActiveCfg = Debug|Any CPU
		{8BE9D47E-5482-E9B2-FF4B-170025AB9A6B}.Debug|Any CPU.Build.0 = Debug|Any CPU
		{8BE9D47E-5482-E9B2-FF4B-170025AB9A6B}.Release|Any CPU.ActiveCfg = Release|Any CPU
		{8BE9D47E-5482-E9B2-FF4B-170025AB9A6B}.Release|Any CPU.Build.0 = Release|Any CPU
		{3FD8ACE5-4819-D2A3-05DF-8AABDA0A7C52}.Debug|Any CPU.ActiveCfg = Debug|Any CPU
		{3FD8ACE5-4819-D2A3-05DF-8AABDA0A7C52}.Debug|Any CPU.Build.0 = Debug|Any CPU
		{3FD8ACE5-4819-D2A3-05DF-8AABDA0A7C52}.Release|Any CPU.ActiveCfg = Release|Any CPU
		{3FD8ACE5-4819-D2A3-05DF-8AABDA0A7C52}.Release|Any CPU.Build.0 = Release|Any CPU
		{7F531D8E-F088-21B8-E68F-E8C96DA67539}.Debug|Any CPU.ActiveCfg = Debug|Any CPU
		{7F531D8E-F088-21B8-E68F-E8C96DA67539}.Debug|Any CPU.Build.0 = Debug|Any CPU
		{7F531D8E-F088-21B8-E68F-E8C96DA67539}.Release|Any CPU.ActiveCfg = Release|Any CPU
		{7F531D8E-F088-21B8-E68F-E8C96DA67539}.Release|Any CPU.Build.0 = Release|Any CPU
		{6B22B355-5569-028A-F2EE-43226419E7CD}.Debug|Any CPU.ActiveCfg = Debug|Any CPU
		{6B22B355-5569-028A-F2EE-43226419E7CD}.Debug|Any CPU.Build.0 = Debug|Any CPU
		{6B22B355-5569-028A-F2EE-43226419E7CD}.Release|Any CPU.ActiveCfg = Release|Any CPU
		{6B22B355-5569-028A-F2EE-43226419E7CD}.Release|Any CPU.Build.0 = Release|Any CPU
		{D2540DA9-47C3-55B8-4BE5-13900F3783CF}.Debug|Any CPU.ActiveCfg = Debug|Any CPU
		{D2540DA9-47C3-55B8-4BE5-13900F3783CF}.Debug|Any CPU.Build.0 = Debug|Any CPU
		{D2540DA9-47C3-55B8-4BE5-13900F3783CF}.Release|Any CPU.ActiveCfg = Release|Any CPU
		{D2540DA9-47C3-55B8-4BE5-13900F3783CF}.Release|Any CPU.Build.0 = Release|Any CPU
		{80C83BA9-AEFC-596B-7153-1B5C696F947F}.Debug|Any CPU.ActiveCfg = Debug|Any CPU
		{80C83BA9-AEFC-596B-7153-1B5C696F947F}.Debug|Any CPU.Build.0 = Debug|Any CPU
		{80C83BA9-AEFC-596B-7153-1B5C696F947F}.Release|Any CPU.ActiveCfg = Release|Any CPU
		{80C83BA9-AEFC-596B-7153-1B5C696F947F}.Release|Any CPU.Build.0 = Release|Any CPU
		{763F55E0-E116-EBB0-95A4-C5A65574A4DC}.Debug|Any CPU.ActiveCfg = Debug|Any CPU
		{763F55E0-E116-EBB0-95A4-C5A65574A4DC}.Debug|Any CPU.Build.0 = Debug|Any CPU
		{763F55E0-E116-EBB0-95A4-C5A65574A4DC}.Release|Any CPU.ActiveCfg = Release|Any CPU
		{763F55E0-E116-EBB0-95A4-C5A65574A4DC}.Release|Any CPU.Build.0 = Release|Any CPU
		{5BB1A64C-1737-2137-6D1C-054DABFE6A7E}.Debug|Any CPU.ActiveCfg = Debug|Any CPU
		{5BB1A64C-1737-2137-6D1C-054DABFE6A7E}.Debug|Any CPU.Build.0 = Debug|Any CPU
		{5BB1A64C-1737-2137-6D1C-054DABFE6A7E}.Release|Any CPU.ActiveCfg = Release|Any CPU
		{5BB1A64C-1737-2137-6D1C-054DABFE6A7E}.Release|Any CPU.Build.0 = Release|Any CPU
		{A9EB6E14-9783-EE22-B869-1E7BA935F3FE}.Debug|Any CPU.ActiveCfg = Debug|Any CPU
		{A9EB6E14-9783-EE22-B869-1E7BA935F3FE}.Debug|Any CPU.Build.0 = Debug|Any CPU
		{A9EB6E14-9783-EE22-B869-1E7BA935F3FE}.Release|Any CPU.ActiveCfg = Release|Any CPU
		{A9EB6E14-9783-EE22-B869-1E7BA935F3FE}.Release|Any CPU.Build.0 = Release|Any CPU
		{7632C564-C0C1-72DA-640D-C048B5BAC0BA}.Debug|Any CPU.ActiveCfg = Debug|Any CPU
		{7632C564-C0C1-72DA-640D-C048B5BAC0BA}.Debug|Any CPU.Build.0 = Debug|Any CPU
		{7632C564-C0C1-72DA-640D-C048B5BAC0BA}.Release|Any CPU.ActiveCfg = Release|Any CPU
		{7632C564-C0C1-72DA-640D-C048B5BAC0BA}.Release|Any CPU.Build.0 = Release|Any CPU
		{1433EAA2-DC00-74D6-1E66-24275A8A4BF6}.Debug|Any CPU.ActiveCfg = Debug|Any CPU
		{1433EAA2-DC00-74D6-1E66-24275A8A4BF6}.Debug|Any CPU.Build.0 = Debug|Any CPU
		{1433EAA2-DC00-74D6-1E66-24275A8A4BF6}.Release|Any CPU.ActiveCfg = Release|Any CPU
		{1433EAA2-DC00-74D6-1E66-24275A8A4BF6}.Release|Any CPU.Build.0 = Release|Any CPU
		{3BC06F88-B648-15AE-5C4D-B9854B456C13}.Debug|Any CPU.ActiveCfg = Debug|Any CPU
		{3BC06F88-B648-15AE-5C4D-B9854B456C13}.Debug|Any CPU.Build.0 = Debug|Any CPU
		{3BC06F88-B648-15AE-5C4D-B9854B456C13}.Release|Any CPU.ActiveCfg = Release|Any CPU
		{3BC06F88-B648-15AE-5C4D-B9854B456C13}.Release|Any CPU.Build.0 = Release|Any CPU
		{FA41C572-9300-A881-4032-EE4927CC5A33}.Debug|Any CPU.ActiveCfg = Debug|Any CPU
		{FA41C572-9300-A881-4032-EE4927CC5A33}.Debug|Any CPU.Build.0 = Debug|Any CPU
		{FA41C572-9300-A881-4032-EE4927CC5A33}.Release|Any CPU.ActiveCfg = Release|Any CPU
		{FA41C572-9300-A881-4032-EE4927CC5A33}.Release|Any CPU.Build.0 = Release|Any CPU
		{713C48C0-30B6-140D-31FA-399B7592988B}.Debug|Any CPU.ActiveCfg = Debug|Any CPU
		{713C48C0-30B6-140D-31FA-399B7592988B}.Debug|Any CPU.Build.0 = Debug|Any CPU
		{713C48C0-30B6-140D-31FA-399B7592988B}.Release|Any CPU.ActiveCfg = Release|Any CPU
		{713C48C0-30B6-140D-31FA-399B7592988B}.Release|Any CPU.Build.0 = Release|Any CPU
		{D5593238-5511-9629-258A-C58DA588F037}.Debug|Any CPU.ActiveCfg = Debug|Any CPU
		{D5593238-5511-9629-258A-C58DA588F037}.Debug|Any CPU.Build.0 = Debug|Any CPU
		{D5593238-5511-9629-258A-C58DA588F037}.Release|Any CPU.ActiveCfg = Release|Any CPU
		{D5593238-5511-9629-258A-C58DA588F037}.Release|Any CPU.Build.0 = Release|Any CPU
		{EB7D400B-0239-B587-05F6-5DC1356FB32A}.Debug|Any CPU.ActiveCfg = Debug|Any CPU
		{EB7D400B-0239-B587-05F6-5DC1356FB32A}.Debug|Any CPU.Build.0 = Debug|Any CPU
		{EB7D400B-0239-B587-05F6-5DC1356FB32A}.Release|Any CPU.ActiveCfg = Release|Any CPU
		{EB7D400B-0239-B587-05F6-5DC1356FB32A}.Release|Any CPU.Build.0 = Release|Any CPU
		{D3EE99CF-77C0-23DA-CC89-3F74CAE3A3E6}.Debug|Any CPU.ActiveCfg = Debug|Any CPU
		{D3EE99CF-77C0-23DA-CC89-3F74CAE3A3E6}.Debug|Any CPU.Build.0 = Debug|Any CPU
		{D3EE99CF-77C0-23DA-CC89-3F74CAE3A3E6}.Release|Any CPU.ActiveCfg = Release|Any CPU
		{D3EE99CF-77C0-23DA-CC89-3F74CAE3A3E6}.Release|Any CPU.Build.0 = Release|Any CPU
		{80351938-A37C-F03F-AD7D-072AA384A0CF}.Debug|Any CPU.ActiveCfg = Debug|Any CPU
		{80351938-A37C-F03F-AD7D-072AA384A0CF}.Debug|Any CPU.Build.0 = Debug|Any CPU
		{80351938-A37C-F03F-AD7D-072AA384A0CF}.Release|Any CPU.ActiveCfg = Release|Any CPU
		{80351938-A37C-F03F-AD7D-072AA384A0CF}.Release|Any CPU.Build.0 = Release|Any CPU
		{F3D7CB6F-5C91-B7D4-3CA0-C8BF3348964F}.Debug|Any CPU.ActiveCfg = Debug|Any CPU
		{F3D7CB6F-5C91-B7D4-3CA0-C8BF3348964F}.Debug|Any CPU.Build.0 = Debug|Any CPU
		{F3D7CB6F-5C91-B7D4-3CA0-C8BF3348964F}.Release|Any CPU.ActiveCfg = Release|Any CPU
		{F3D7CB6F-5C91-B7D4-3CA0-C8BF3348964F}.Release|Any CPU.Build.0 = Release|Any CPU
		{3AD4E49F-C9CB-42A5-CB05-0198AEEAB0C1}.Debug|Any CPU.ActiveCfg = Debug|Any CPU
		{3AD4E49F-C9CB-42A5-CB05-0198AEEAB0C1}.Debug|Any CPU.Build.0 = Debug|Any CPU
		{3AD4E49F-C9CB-42A5-CB05-0198AEEAB0C1}.Release|Any CPU.ActiveCfg = Release|Any CPU
		{3AD4E49F-C9CB-42A5-CB05-0198AEEAB0C1}.Release|Any CPU.Build.0 = Release|Any CPU
		{A8BE829A-C83E-67D2-0535-5DE4942A1A93}.Debug|Any CPU.ActiveCfg = Debug|Any CPU
		{A8BE829A-C83E-67D2-0535-5DE4942A1A93}.Debug|Any CPU.Build.0 = Debug|Any CPU
		{A8BE829A-C83E-67D2-0535-5DE4942A1A93}.Release|Any CPU.ActiveCfg = Release|Any CPU
		{A8BE829A-C83E-67D2-0535-5DE4942A1A93}.Release|Any CPU.Build.0 = Release|Any CPU
		{EFABA805-64DC-F135-2AA4-06B0E6A7B46E}.Debug|Any CPU.ActiveCfg = Debug|Any CPU
		{EFABA805-64DC-F135-2AA4-06B0E6A7B46E}.Debug|Any CPU.Build.0 = Debug|Any CPU
		{EFABA805-64DC-F135-2AA4-06B0E6A7B46E}.Release|Any CPU.ActiveCfg = Release|Any CPU
		{EFABA805-64DC-F135-2AA4-06B0E6A7B46E}.Release|Any CPU.Build.0 = Release|Any CPU
		{485F2A6F-0CC7-309B-4A72-56C29814C9E4}.Debug|Any CPU.ActiveCfg = Debug|Any CPU
		{485F2A6F-0CC7-309B-4A72-56C29814C9E4}.Debug|Any CPU.Build.0 = Debug|Any CPU
		{485F2A6F-0CC7-309B-4A72-56C29814C9E4}.Release|Any CPU.ActiveCfg = Release|Any CPU
		{485F2A6F-0CC7-309B-4A72-56C29814C9E4}.Release|Any CPU.Build.0 = Release|Any CPU
		{EF42BB74-1446-76F4-75CF-625532E2D885}.Debug|Any CPU.ActiveCfg = Debug|Any CPU
		{EF42BB74-1446-76F4-75CF-625532E2D885}.Debug|Any CPU.Build.0 = Debug|Any CPU
		{EF42BB74-1446-76F4-75CF-625532E2D885}.Release|Any CPU.ActiveCfg = Release|Any CPU
		{EF42BB74-1446-76F4-75CF-625532E2D885}.Release|Any CPU.Build.0 = Release|Any CPU
		{F8228159-F456-E6C2-B45F-FC7CF82B010F}.Debug|Any CPU.ActiveCfg = Debug|Any CPU
		{F8228159-F456-E6C2-B45F-FC7CF82B010F}.Debug|Any CPU.Build.0 = Debug|Any CPU
		{F8228159-F456-E6C2-B45F-FC7CF82B010F}.Release|Any CPU.ActiveCfg = Release|Any CPU
		{F8228159-F456-E6C2-B45F-FC7CF82B010F}.Release|Any CPU.Build.0 = Release|Any CPU
		{069BC2C0-2C5F-9037-531F-004C4468E200}.Debug|Any CPU.ActiveCfg = Debug|Any CPU
		{069BC2C0-2C5F-9037-531F-004C4468E200}.Debug|Any CPU.Build.0 = Debug|Any CPU
		{069BC2C0-2C5F-9037-531F-004C4468E200}.Release|Any CPU.ActiveCfg = Release|Any CPU
		{069BC2C0-2C5F-9037-531F-004C4468E200}.Release|Any CPU.Build.0 = Release|Any CPU
		{4CB7EFCB-AB9D-6D5C-F1DF-FFB3B4C978CB}.Debug|Any CPU.ActiveCfg = Debug|Any CPU
		{4CB7EFCB-AB9D-6D5C-F1DF-FFB3B4C978CB}.Debug|Any CPU.Build.0 = Debug|Any CPU
		{4CB7EFCB-AB9D-6D5C-F1DF-FFB3B4C978CB}.Release|Any CPU.ActiveCfg = Release|Any CPU
		{4CB7EFCB-AB9D-6D5C-F1DF-FFB3B4C978CB}.Release|Any CPU.Build.0 = Release|Any CPU
		{37785BAA-0C16-B94C-AAE6-92B1012800F3}.Debug|Any CPU.ActiveCfg = Debug|Any CPU
		{37785BAA-0C16-B94C-AAE6-92B1012800F3}.Debug|Any CPU.Build.0 = Debug|Any CPU
		{37785BAA-0C16-B94C-AAE6-92B1012800F3}.Release|Any CPU.ActiveCfg = Release|Any CPU
		{37785BAA-0C16-B94C-AAE6-92B1012800F3}.Release|Any CPU.Build.0 = Release|Any CPU
		{E7D76624-E442-500A-3366-470439AD6A89}.Debug|Any CPU.ActiveCfg = Debug|Any CPU
		{E7D76624-E442-500A-3366-470439AD6A89}.Debug|Any CPU.Build.0 = Debug|Any CPU
		{E7D76624-E442-500A-3366-470439AD6A89}.Release|Any CPU.ActiveCfg = Release|Any CPU
		{E7D76624-E442-500A-3366-470439AD6A89}.Release|Any CPU.Build.0 = Release|Any CPU
		{DB55A154-4AC5-A449-1341-D030E085F551}.Debug|Any CPU.ActiveCfg = Debug|Any CPU
		{DB55A154-4AC5-A449-1341-D030E085F551}.Debug|Any CPU.Build.0 = Debug|Any CPU
		{DB55A154-4AC5-A449-1341-D030E085F551}.Release|Any CPU.ActiveCfg = Release|Any CPU
		{DB55A154-4AC5-A449-1341-D030E085F551}.Release|Any CPU.Build.0 = Release|Any CPU
		{2C7CD251-5801-F9FF-51F0-33EDE99219EA}.Debug|Any CPU.ActiveCfg = Debug|Any CPU
		{2C7CD251-5801-F9FF-51F0-33EDE99219EA}.Debug|Any CPU.Build.0 = Debug|Any CPU
		{2C7CD251-5801-F9FF-51F0-33EDE99219EA}.Release|Any CPU.ActiveCfg = Release|Any CPU
		{2C7CD251-5801-F9FF-51F0-33EDE99219EA}.Release|Any CPU.Build.0 = Release|Any CPU
		{F4529D99-A009-C049-B431-75AEF2CF90ED}.Debug|Any CPU.ActiveCfg = Debug|Any CPU
		{F4529D99-A009-C049-B431-75AEF2CF90ED}.Debug|Any CPU.Build.0 = Debug|Any CPU
		{F4529D99-A009-C049-B431-75AEF2CF90ED}.Release|Any CPU.ActiveCfg = Release|Any CPU
		{F4529D99-A009-C049-B431-75AEF2CF90ED}.Release|Any CPU.Build.0 = Release|Any CPU
		{A74F260B-547B-792E-7E3F-587F77B82BA9}.Debug|Any CPU.ActiveCfg = Debug|Any CPU
		{A74F260B-547B-792E-7E3F-587F77B82BA9}.Debug|Any CPU.Build.0 = Debug|Any CPU
		{A74F260B-547B-792E-7E3F-587F77B82BA9}.Release|Any CPU.ActiveCfg = Release|Any CPU
		{A74F260B-547B-792E-7E3F-587F77B82BA9}.Release|Any CPU.Build.0 = Release|Any CPU
		{4474B0D7-DBEC-DFD2-0393-28624D137C27}.Debug|Any CPU.ActiveCfg = Debug|Any CPU
		{4474B0D7-DBEC-DFD2-0393-28624D137C27}.Debug|Any CPU.Build.0 = Debug|Any CPU
		{4474B0D7-DBEC-DFD2-0393-28624D137C27}.Release|Any CPU.ActiveCfg = Release|Any CPU
		{4474B0D7-DBEC-DFD2-0393-28624D137C27}.Release|Any CPU.Build.0 = Release|Any CPU
		{7F64636A-C7CC-6343-CC67-6B53931FADB4}.Debug|Any CPU.ActiveCfg = Debug|Any CPU
		{7F64636A-C7CC-6343-CC67-6B53931FADB4}.Debug|Any CPU.Build.0 = Debug|Any CPU
		{7F64636A-C7CC-6343-CC67-6B53931FADB4}.Release|Any CPU.ActiveCfg = Release|Any CPU
		{7F64636A-C7CC-6343-CC67-6B53931FADB4}.Release|Any CPU.Build.0 = Release|Any CPU
		{CC87A1CD-E267-96A7-88AB-373533D716BE}.Debug|Any CPU.ActiveCfg = Debug|Any CPU
		{CC87A1CD-E267-96A7-88AB-373533D716BE}.Debug|Any CPU.Build.0 = Debug|Any CPU
		{CC87A1CD-E267-96A7-88AB-373533D716BE}.Release|Any CPU.ActiveCfg = Release|Any CPU
		{CC87A1CD-E267-96A7-88AB-373533D716BE}.Release|Any CPU.Build.0 = Release|Any CPU
		{62B80583-79D7-4B7B-EFA8-B668495D7DEA}.Debug|Any CPU.ActiveCfg = Debug|Any CPU
		{62B80583-79D7-4B7B-EFA8-B668495D7DEA}.Debug|Any CPU.Build.0 = Debug|Any CPU
		{62B80583-79D7-4B7B-EFA8-B668495D7DEA}.Release|Any CPU.ActiveCfg = Release|Any CPU
		{62B80583-79D7-4B7B-EFA8-B668495D7DEA}.Release|Any CPU.Build.0 = Release|Any CPU
		{6E8A4FEE-F168-9FD2-7959-779557160117}.Debug|Any CPU.ActiveCfg = Debug|Any CPU
		{6E8A4FEE-F168-9FD2-7959-779557160117}.Debug|Any CPU.Build.0 = Debug|Any CPU
		{6E8A4FEE-F168-9FD2-7959-779557160117}.Release|Any CPU.ActiveCfg = Release|Any CPU
		{6E8A4FEE-F168-9FD2-7959-779557160117}.Release|Any CPU.Build.0 = Release|Any CPU
		{CAAE2429-3F4A-D1CC-874D-DD0A83DDF28B}.Debug|Any CPU.ActiveCfg = Debug|Any CPU
		{CAAE2429-3F4A-D1CC-874D-DD0A83DDF28B}.Debug|Any CPU.Build.0 = Debug|Any CPU
		{CAAE2429-3F4A-D1CC-874D-DD0A83DDF28B}.Release|Any CPU.ActiveCfg = Release|Any CPU
		{CAAE2429-3F4A-D1CC-874D-DD0A83DDF28B}.Release|Any CPU.Build.0 = Release|Any CPU
		{5F8D9340-BE4C-7732-6551-C1687D4339A7}.Debug|Any CPU.ActiveCfg = Debug|Any CPU
		{5F8D9340-BE4C-7732-6551-C1687D4339A7}.Debug|Any CPU.Build.0 = Debug|Any CPU
		{5F8D9340-BE4C-7732-6551-C1687D4339A7}.Release|Any CPU.ActiveCfg = Release|Any CPU
		{5F8D9340-BE4C-7732-6551-C1687D4339A7}.Release|Any CPU.Build.0 = Release|Any CPU
		{EC70708C-731D-529E-D6FF-72C8A0E19A92}.Debug|Any CPU.ActiveCfg = Debug|Any CPU
		{EC70708C-731D-529E-D6FF-72C8A0E19A92}.Debug|Any CPU.Build.0 = Debug|Any CPU
		{EC70708C-731D-529E-D6FF-72C8A0E19A92}.Release|Any CPU.ActiveCfg = Release|Any CPU
		{EC70708C-731D-529E-D6FF-72C8A0E19A92}.Release|Any CPU.Build.0 = Release|Any CPU
		{6B038AF6-C811-35D4-CE6B-42B348F43AE3}.Debug|Any CPU.ActiveCfg = Debug|Any CPU
		{6B038AF6-C811-35D4-CE6B-42B348F43AE3}.Debug|Any CPU.Build.0 = Debug|Any CPU
		{6B038AF6-C811-35D4-CE6B-42B348F43AE3}.Release|Any CPU.ActiveCfg = Release|Any CPU
		{6B038AF6-C811-35D4-CE6B-42B348F43AE3}.Release|Any CPU.Build.0 = Release|Any CPU
		{BBDBFA7D-CFA8-25EE-7BA7-0C3AF9738D4A}.Debug|Any CPU.ActiveCfg = Debug|Any CPU
		{BBDBFA7D-CFA8-25EE-7BA7-0C3AF9738D4A}.Debug|Any CPU.Build.0 = Debug|Any CPU
		{BBDBFA7D-CFA8-25EE-7BA7-0C3AF9738D4A}.Release|Any CPU.ActiveCfg = Release|Any CPU
		{BBDBFA7D-CFA8-25EE-7BA7-0C3AF9738D4A}.Release|Any CPU.Build.0 = Release|Any CPU
		{2081C50B-BC1A-9092-3D50-1824B4E9DCDD}.Debug|Any CPU.ActiveCfg = Debug|Any CPU
		{2081C50B-BC1A-9092-3D50-1824B4E9DCDD}.Debug|Any CPU.Build.0 = Debug|Any CPU
		{2081C50B-BC1A-9092-3D50-1824B4E9DCDD}.Release|Any CPU.ActiveCfg = Release|Any CPU
		{2081C50B-BC1A-9092-3D50-1824B4E9DCDD}.Release|Any CPU.Build.0 = Release|Any CPU
	EndGlobalSection
	GlobalSection(SolutionProperties) = preSolution
		HideSolutionNode = FALSE
	EndGlobalSection
EndGlobal
